# THIS IS AN AUTOGENERATED FILE. DO NOT EDIT THIS FILE DIRECTLY.
# yarn lockfile v1


"@dimensional-fun/logger@^1.0.1":
  version "1.0.1"
  resolved "https://registry.yarnpkg.com/@dimensional-fun/logger/-/logger-1.0.1.tgz#1c9bbb3a7a687137f372c773eb4a2687f008b9e2"
  integrity sha512-COuvFTNuM9mkQ96ZnMe0q6Vr/+D5AYqwX8dZJIbobMX3YGC+gK4FPmEtCWLLuLbUi9qZI/psGStl4O3ydv9amA==
  dependencies:
    ansi-styles "^4.2.1"
    color-convert "^2.0.1"
    fecha "^4.2.0"

"@types/node-fetch@^2.5.10":
  version "2.5.12"
  resolved "https://registry.yarnpkg.com/@types/node-fetch/-/node-fetch-2.5.12.tgz#8a6f779b1d4e60b7a57fb6fd48d84fb545b9cc66"
  integrity sha512-MKgC4dlq4kKNa/mYrwpKfzQMB5X3ee5U6fSprkKpToBqBmX4nFZL9cW5jl6sWn+xpRJ7ypWh2yyqqr8UUCstSw==
  dependencies:
    "@types/node" "*"
    form-data "^3.0.0"

"@types/node@*", "@types/node@^16.11.11":
  version "16.11.11"
  resolved "https://registry.yarnpkg.com/@types/node/-/node-16.11.11.tgz#6ea7342dfb379ea1210835bada87b3c512120234"
  integrity sha512-KB0sixD67CeecHC33MYn+eYARkqTheIRNuu97y2XMjR7Wu3XibO1vaY6VBV6O/a89SPI81cEUIYT87UqUWlZNw==

"@types/node@^14.17.1", "@types/node@^14.17.2":
  version "14.17.34"
  resolved "https://registry.yarnpkg.com/@types/node/-/node-14.17.34.tgz#fe4b38b3f07617c0fa31ae923fca9249641038f0"
  integrity sha512-USUftMYpmuMzeWobskoPfzDi+vkpe0dvcOBRNOscFrGxVp4jomnRxWuVohgqBow2xyIPC0S3gjxV/5079jhmDg==

ansi-styles@^4.2.1:
  version "4.3.0"
  resolved "https://registry.yarnpkg.com/ansi-styles/-/ansi-styles-4.3.0.tgz#edd803628ae71c04c85ae7a0906edad34b648937"
  integrity sha512-zbB9rCJAT1rbjiVDb2hqKFHNYLxgtk8NURxZ3IZwD3F6NtxbXZQCnnSi1Lkx+IDohdPlFp222wVALIheZJQSEg==
  dependencies:
    color-convert "^2.0.1"

asynckit@^0.4.0:
  version "0.4.0"
  resolved "https://registry.yarnpkg.com/asynckit/-/asynckit-0.4.0.tgz#c79ed97f7f34cb8f2ba1bc9790bcc366474b4b79"
  integrity sha1-x57Zf380y48robyXkLzDZkdLS3k=

color-convert@^2.0.1:
  version "2.0.1"
  resolved "https://registry.yarnpkg.com/color-convert/-/color-convert-2.0.1.tgz#72d3a68d598c9bdb3af2ad1e84f21d896abd4de3"
  integrity sha512-RRECPsj7iu/xb5oKYcsFHSppFNnsj/52OVTRKb4zP5onXwVF3zVmmToNcOfGC+CRDpfK/U584fMg38ZHCaElKQ==
  dependencies:
    color-name "~1.1.4"

color-name@~1.1.4:
  version "1.1.4"
  resolved "https://registry.yarnpkg.com/color-name/-/color-name-1.1.4.tgz#c2a09a87acbde69543de6f63fa3995c826c536a2"
  integrity sha512-dOy+3AuW3a2wNbZHIuMZpTcgjGuLU/uBL/ubcZF9OXbDo8ff4O8yVp5Bf0efS8uEoYo5q4Fx7dY9OgQGXgAsQA==

combined-stream@^1.0.8:
  version "1.0.8"
  resolved "https://registry.yarnpkg.com/combined-stream/-/combined-stream-1.0.8.tgz#c3d45a8b34fd730631a110a8a2520682b31d5a7f"
  integrity sha512-FQN4MRfuJeHf7cBbBMJFXhKSDq+2kAArBlmRBvcvFE5BB1HZKXtSFASDhdlz9zOYwxh8lDdnvmMOe/+5cdoEdg==
  dependencies:
    delayed-stream "~1.0.0"

delayed-stream@~1.0.0:
  version "1.0.0"
  resolved "https://registry.yarnpkg.com/delayed-stream/-/delayed-stream-1.0.0.tgz#df3ae199acadfb7d440aaae0b29e2272b24ec619"
  integrity sha1-3zrhmayt+31ECqrgsp4icrJOxhk=

detritus-client-rest@^0.10.6-beta.1:
  version "0.10.6-beta.1"
  resolved "https://registry.yarnpkg.com/detritus-client-rest/-/detritus-client-rest-0.10.6-beta.1.tgz#5ff434bfb1e193cec1651d262cfda5f302e2f291"
  integrity sha512-/4Pxz5/zU6391qS4XzG2thHVvbpl/P/LycobzfPib4W+Cv+seh9Bxw0QrqZGhFyOVv1Jhp5WBCLBEESePBaDQQ==
  dependencies:
    detritus-rest "^0.7.0"
    detritus-utils "^0.4.0"

detritus-client-socket@^0.8.4-beta.1:
  version "0.8.4-beta.1"
  resolved "https://registry.yarnpkg.com/detritus-client-socket/-/detritus-client-socket-0.8.4-beta.1.tgz#e9ab5fc33489c908a9a26e4beef6a3707d81194a"
  integrity sha512-JnQ8mUBMzukWbD3TlzYobH3qI0oDIUdK5zSFObYpg7ahKYVTlUGxY2Yp3L4zluqSNPSGGADwQcrMcBdIyrINgQ==
  dependencies:
    "@types/node" "^14.17.1"
    detritus-utils "^0.4.0"
    ws "^7.4.6"

detritus-client@0.16.4-beta.6:
  version "0.16.4-beta.6"
  resolved "https://registry.yarnpkg.com/detritus-client/-/detritus-client-0.16.4-beta.6.tgz#83da13c52afb329a5a1ca5b67cacb238ed845fa6"
  integrity sha512-a3RxhwmL5mEFNiIIq4aHa98m6qWbTFDqrg4J5SFlZtRWNMoyU+KGQrasY60Un1r8hLPJ5OexRGiv7cv5tR5ahw==
  dependencies:
    "@types/node" "^14.17.2"
    "@types/node-fetch" "^2.5.10"
    detritus-client-rest "^0.10.6-beta.1"
    detritus-client-socket "^0.8.4-beta.1"
    detritus-utils "^0.4.0"

detritus-rest@^0.7.0:
  version "0.7.0"
  resolved "https://registry.yarnpkg.com/detritus-rest/-/detritus-rest-0.7.0.tgz#15d7a98c7038935de7ba2a88eeed83aba1c88ed7"
  integrity sha512-T5FNXpyv5F69ZXEz6z8mWo5yiz7Mhrg+HQsZumih/uDeqf3+1AvZgNI4XLscG1D56F0o5DSyXkoOxDgd2oeTgA==
  dependencies:
    form-data "^3.0.0"
    node-fetch "^2.6.1"

detritus-utils@^0.4.0:
  version "0.4.0"
  resolved "https://registry.yarnpkg.com/detritus-utils/-/detritus-utils-0.4.0.tgz#42c01e029bd716c5be30a82ee4c621136f64ef35"
  integrity sha512-XO9crk1eCOecajzOg4WMsvcgXV/3GAltV0nt+kXXmglwcKyh/5DpQ7jmQ/2HycEN0dGBdgLCLPzYMxrWPN9gpw==

dotenv@^10.0.0:
  version "10.0.0"
  resolved "https://registry.yarnpkg.com/dotenv/-/dotenv-10.0.0.tgz#3d4227b8fb95f81096cdd2b66653fb2c7085ba81"
  integrity sha512-rlBi9d8jpv9Sf1klPjNfFAuWDjKLwTIJJ/VxtoTwIR6hnZxcEOQCZg2oIL3MWBYw5GpUDKOEnND7LXTbIpQ03Q==

fecha@^4.2.0:
  version "4.2.1"
  resolved "https://registry.yarnpkg.com/fecha/-/fecha-4.2.1.tgz#0a83ad8f86ef62a091e22bb5a039cd03d23eecce"
  integrity sha512-MMMQ0ludy/nBs1/o0zVOiKTpG7qMbonKUzjJgQFEuvq6INZ1OraKPRAWkBq5vlKLOUMpmNYG1JoN3oDPUQ9m3Q==

form-data@^3.0.0:
  version "3.0.1"
  resolved "https://registry.yarnpkg.com/form-data/-/form-data-3.0.1.tgz#ebd53791b78356a99af9a300d4282c4d5eb9755f"
  integrity sha512-RHkBKtLWUVwd7SqRIvCZMEvAMoGUp0XU+seQiZejj0COz3RI3hWP4sCv3gZWWLjJTd7rGwcsF5eKZGii0r/hbg==
  dependencies:
    asynckit "^0.4.0"
    combined-stream "^1.0.8"
    mime-types "^2.1.12"

mime-db@1.51.0:
  version "1.51.0"
  resolved "https://registry.yarnpkg.com/mime-db/-/mime-db-1.51.0.tgz#d9ff62451859b18342d960850dc3cfb77e63fb0c"
  integrity sha512-5y8A56jg7XVQx2mbv1lu49NR4dokRnhZYTtL+KGfaa27uq4pSTXkwQkFJl4pkRMyNFz/EtYDSkiiEHx3F7UN6g==

mime-types@^2.1.12:
  version "2.1.34"
  resolved "https://registry.yarnpkg.com/mime-types/-/mime-types-2.1.34.tgz#5a712f9ec1503511a945803640fafe09d3793c24"
  integrity sha512-6cP692WwGIs9XXdOO4++N+7qjqv0rqxxVvJ3VHPh/Sc9mVZcQP+ZGhkKiTvWMQRr2tbHkJP/Yn7Y0npb3ZBs4A==
  dependencies:
    mime-db "1.51.0"

node-fetch@^2.6.1:
  version "2.6.6"
  resolved "https://registry.yarnpkg.com/node-fetch/-/node-fetch-2.6.6.tgz#1751a7c01834e8e1697758732e9efb6eeadfaf89"
  integrity sha512-Z8/6vRlTUChSdIgMa51jxQ4lrw/Jy5SOW10ObaA47/RElsAN2c5Pn8bTgFGWn/ibwzXTE8qwr1Yzx28vsecXEA==
  dependencies:
    whatwg-url "^5.0.0"

tr46@~0.0.3:
  version "0.0.3"
  resolved "https://registry.yarnpkg.com/tr46/-/tr46-0.0.3.tgz#8184fd347dac9cdc185992f3a6622e14b9d9ab6a"
  integrity sha1-gYT9NH2snNwYWZLzpmIuFLnZq2o=

typescript@^4.5.2:
  version "4.5.2"
  resolved "https://registry.yarnpkg.com/typescript/-/typescript-4.5.2.tgz#8ac1fba9f52256fdb06fb89e4122fa6a346c2998"
  integrity sha512-5BlMof9H1yGt0P8/WF+wPNw6GfctgGjXp5hkblpyT+8rkASSmkUKMXrxR0Xg8ThVCi/JnHQiKXeBaEwCeQwMFw==

webidl-conversions@^3.0.0:
  version "3.0.1"
  resolved "https://registry.yarnpkg.com/webidl-conversions/-/webidl-conversions-3.0.1.tgz#24534275e2a7bc6be7bc86611cc16ae0a5654871"
  integrity sha1-JFNCdeKnvGvnvIZhHMFq4KVlSHE=

whatwg-url@^5.0.0:
  version "5.0.0"
  resolved "https://registry.yarnpkg.com/whatwg-url/-/whatwg-url-5.0.0.tgz#966454e8765462e37644d3626f6742ce8b70965d"
  integrity sha1-lmRU6HZUYuN2RNNib2dCzotwll0=
  dependencies:
    tr46 "~0.0.3"
    webidl-conversions "^3.0.0"

ws@^7.4.6:
  version "7.5.6"
  resolved "https://registry.yarnpkg.com/ws/-/ws-7.5.6.tgz#e59fc509fb15ddfb65487ee9765c5a51dec5fe7b"
  integrity sha512-6GLgCqo2cy2A2rjCNFlxQS6ZljG/coZfZXclldI8FB/1G3CCI36Zd8xy2HrFVACi8tfk5XrgLQEk+P0Tnz9UcA==
